
Microsoft Visual Studio Solution File, Format Version 12.00
# Visual Studio 15
Project("{FAE04EC0-301F-11D3-BF4B-00C04F79EFBC}") = "Assembly-CSharp", "Assembly-CSharp.csproj", "{B7B0E5EB-BAEB-77DE-64C5-90FB6FCCC80B}"
EndProject
Project("{FAE04EC0-301F-11D3-BF4B-00C04F79EFBC}") = "Assembly-CSharp-Editor", "Assembly-CSharp-Editor.csproj", "{02D3735D-39AD-66DF-74D1-19B1D325147D}"
EndProject
Global
	GlobalSection(SolutionConfigurationPlatforms) = preSolution
		Debug|Any CPU = Debug|Any CPU
		Release|Any CPU = Release|Any CPU
	EndGlobalSection
	GlobalSection(ProjectConfigurationPlatforms) = postSolution
		{B7B0E5EB-BAEB-77DE-64C5-90FB6FCCC80B}.Debug|Any CPU.ActiveCfg = Debug|Any CPU
		{B7B0E5EB-BAEB-77DE-64C5-90FB6FCCC80B}.Debug|Any CPU.Build.0 = Debug|Any CPU
		{B7B0E5EB-BAEB-77DE-64C5-90FB6FCCC80B}.Release|Any CPU.ActiveCfg = Release|Any CPU
		{B7B0E5EB-BAEB-77DE-64C5-90FB6FCCC80B}.Release|Any CPU.Build.0 = Release|Any CPU
		{02D3735D-39AD-66DF-74D1-19B1D325147D}.Debug|Any CPU.ActiveCfg = Debug|Any CPU
		{02D3735D-39AD-66DF-74D1-19B1D325147D}.Debug|Any CPU.Build.0 = Debug|Any CPU
		{02D3735D-39AD-66DF-74D1-19B1D325147D}.Release|Any CPU.ActiveCfg = Release|Any CPU
		{02D3735D-39AD-66DF-74D1-19B1D325147D}.Release|Any CPU.Build.0 = Release|Any CPU
	EndGlobalSection
	GlobalSection(SolutionProperties) = preSolution
		HideSolutionNode = FALSE
	EndGlobalSection
EndGlobal
